# This file is autogenerated, do not edit; changes may be undone by the next 'dep ensure'.


[[projects]]
  name = "github.com/Sirupsen/logrus"
  packages = ["."]
  revision = "a3f95b5c423586578a4e099b11a46c2479628cac"
  version = "1.0.2"

[[projects]]
  name = "github.com/alexflint/go-arg"
  packages = ["."]
  revision = "cef6506c97e5731da728c374ff3523e481026423"

[[projects]]
  branch = "master"
  name = "github.com/alexflint/go-scalar"
  packages = ["."]
  revision = "e80c3b7ed292b052c7083b6fd7154a8422c33f65"

[[projects]]
  name = "github.com/alicebob/miniredis"
  packages = [
    ".",
    "server"
  ]
  revision = "995ba133bd8fe5dae5a34732bd99f558b0b60e1a"
  version = "2.1.0"

[[projects]]
  name = "github.com/dgrijalva/jwt-go"
  packages = ["."]
  revision = "24c63f56522a87ec5339cc3567883f1039378fdb"

[[projects]]
  name = "github.com/garyburd/redigo"
  packages = [
    "internal",
    "redis"
  ]
  revision = "47dc60e71eed504e3ef8e77ee3c6fe720f3be57f"
  version = "v1.3.0"

[[projects]]
  name = "github.com/go-mysql/conn"
  packages = ["."]
  revision = "a6bc22f7176712a67188435bb6111447a0afa1df"

[[projects]]
  name = "github.com/go-sql-driver/mysql"
  packages = ["."]
  revision = "7785c74297136c027fdf2fd6f8931c0e19be8aa7"

[[projects]]
  name = "github.com/go-test/deep"
  packages = ["."]
  revision = "9898238679c264cfb10411539f14a0553dc8b295"
  version = "v1.0.0"

[[projects]]
  name = "github.com/labstack/echo"
  packages = [
    ".",
    "engine",
    "engine/standard",
    "log",
    "middleware"
  ]
  revision = "fbcdf70c52c155ae9aa58e72ee0532fa2f1cad2e"
  version = "v2.0.2"

[[projects]]
  name = "github.com/labstack/gommon"
  packages = [
    "bytes",
    "color",
    "log"
  ]
  revision = "722aa12d41c236ce78ff48eac1cafe0107ecdc9d"

[[projects]]
  name = "github.com/mattn/go-colorable"
  packages = ["."]
  revision = "9056b7a9f2d1f2d96498d6d146acd1f9d5ed3d59"
  version = "v0.0.5"

[[projects]]
  name = "github.com/mattn/go-isatty"
  packages = ["."]
  revision = "66b8e73f3f5cda9f96b69efd03dd3d7fc4a5cdb8"

[[projects]]
  name = "github.com/orcaman/concurrent-map"
  packages = ["."]
  revision = "8bf1e9bacbf65b10c81d0f4314cf2b1ebef728b5"

[[projects]]
  name = "github.com/rs/xid"
  packages = ["."]
  revision = "02dd45c33376f85d1064355dc790dcc4850596b1"
  version = "v1.1"

[[projects]]
  name = "github.com/satori/go.uuid"
  packages = ["."]
  revision = "b061729afc07e77a8aa4fad0a2fd840958f1942a"

[[projects]]
  name = "github.com/valyala/fasttemplate"
  packages = ["."]
  revision = "3b874956e03f1636d171bda64b130f9135f42cff"

[[projects]]
  name = "golang.org/x/net"
  packages = ["context"]
  revision = "66aacef3dd8a676686c7ae3716979581e8b03c47"

[[projects]]
  name = "golang.org/x/sys"
  packages = ["unix"]
  revision = "d8f5ea21b9295e315e612b4bcf4bedea93454d4d"

[[projects]]
  name = "gopkg.in/yaml.v2"
  packages = ["."]
  revision = "cd8b52f8269e0feb286dfeef29f8fe4d5b397e0b"

[solve-meta]
  analyzer-name = "dep"
  analyzer-version = 1
  inputs-digest = "f89cdd2c0dd52772e6d5ff440f6efe6d927e8a3be46764c2539bb923a8322d4c"
  solver-name = "gps-cdcl"
  solver-version = 1
